{
  "requires": true,
  "lockfileVersion": 1,
  "dependencies": {
    "react-icons": {
      "version": "4.4.0",
      "resolved": "https://registry.npmjs.org/react-icons/-/react-icons-4.4.0.tgz",
      "integrity": "sha512-fSbvHeVYo/B5/L4VhB7sBA1i2tS8MkT0Hb9t2H1AVPkwGfVHLJCqyr2Py9dKMxsyM63Eng1GkdZfbWj+Fmv8Rg=="
    },
    "react-use-keypress": {
      "version": "1.3.1",
      "resolved": "https://registry.npmjs.org/react-use-keypress/-/react-use-keypress-1.3.1.tgz",
      "integrity": "sha512-fo+LQrxviMcZt7efCFPc6CX9/oNEPD+MJ/qSs4nK3/lyRNtquhG9f1J8GQq2VFfIYUVDUdPKz8fGIwErO1Pcuw==",
      "requires": {
        "tiny-invariant": "^1.2.0"
      }
    },
    "tiny-invariant": {
      "version": "1.2.0",
      "resolved": "https://registry.npmjs.org/tiny-invariant/-/tiny-invariant-1.2.0.tgz",
      "integrity": "sha512-1Uhn/aqw5C6RI4KejVeTg6mIS7IqxnLJ8Mv2tV5rTc0qWobay7pDUz6Wi392Cnc8ak1H0F2cjoRzb2/AW4+Fvg=="
    }
  }
}
